// !$*UTF8*$!
{
	archiveVersion = 1;
	classes = {
	};
	objectVersion = 55;
	objects = {

/* Begin PBXBuildFile section */
		F26336A3282C4799000F95E4 /* SubscriptionCell.swift in Sources */ = {isa = PBXBuildFile; fileRef = F26336A1282C4799000F95E4 /* SubscriptionCell.swift */; };
		F26336A4282C4799000F95E4 /* SubscriptionCell.xib in Resources */ = {isa = PBXBuildFile; fileRef = F26336A2282C4799000F95E4 /* SubscriptionCell.xib */; };
		F26336A6282C5ACF000F95E4 /* SubscriptionDetailVC.swift in Sources */ = {isa = PBXBuildFile; fileRef = F26336A5282C5ACF000F95E4 /* SubscriptionDetailVC.swift */; };
		F2B1393F281C97F2008CC2A3 /* AppDelegate.swift in Sources */ = {isa = PBXBuildFile; fileRef = F2B1393E281C97F2008CC2A3 /* AppDelegate.swift */; };
		F2B13941281C97F2008CC2A3 /* SceneDelegate.swift in Sources */ = {isa = PBXBuildFile; fileRef = F2B13940281C97F2008CC2A3 /* SceneDelegate.swift */; };
		F2B13943281C97F2008CC2A3 /* SubscriptionVC.swift in Sources */ = {isa = PBXBuildFile; fileRef = F2B13942281C97F2008CC2A3 /* SubscriptionVC.swift */; };
		F2B13946281C97F2008CC2A3 /* Main.storyboard in Resources */ = {isa = PBXBuildFile; fileRef = F2B13944281C97F2008CC2A3 /* Main.storyboard */; };
		F2B13948281C97F4008CC2A3 /* Assets.xcassets in Resources */ = {isa = PBXBuildFile; fileRef = F2B13947281C97F4008CC2A3 /* Assets.xcassets */; };
		F2B1394B281C97F4008CC2A3 /* LaunchScreen.storyboard in Resources */ = {isa = PBXBuildFile; fileRef = F2B13949281C97F4008CC2A3 /* LaunchScreen.storyboard */; };
		F2B13953281CA677008CC2A3 /* ListVC.swift in Sources */ = {isa = PBXBuildFile; fileRef = F2B13952281CA677008CC2A3 /* ListVC.swift */; };
/* End PBXBuildFile section */

/* Begin PBXFileReference section */
		F26336A1282C4799000F95E4 /* SubscriptionCell.swift */ = {isa = PBXFileReference; lastKnownFileType = sourcecode.swift; path = SubscriptionCell.swift; sourceTree = "<group>"; };
		F26336A2282C4799000F95E4 /* SubscriptionCell.xib */ = {isa = PBXFileReference; lastKnownFileType = file.xib; path = SubscriptionCell.xib; sourceTree = "<group>"; };
		F26336A5282C5ACF000F95E4 /* SubscriptionDetailVC.swift */ = {isa = PBXFileReference; lastKnownFileType = sourcecode.swift; path = SubscriptionDetailVC.swift; sourceTree = "<group>"; };
		F2B1393B281C97F2008CC2A3 /* subscribtion_box.app */ = {isa = PBXFileReference; explicitFileType = wrapper.application; includeInIndex = 0; path = subscribtion_box.app; sourceTree = BUILT_PRODUCTS_DIR; };
		F2B1393E281C97F2008CC2A3 /* AppDelegate.swift */ = {isa = PBXFileReference; lastKnownFileType = sourcecode.swift; path = AppDelegate.swift; sourceTree = "<group>"; };
		F2B13940281C97F2008CC2A3 /* SceneDelegate.swift */ = {isa = PBXFileReference; lastKnownFileType = sourcecode.swift; path = SceneDelegate.swift; sourceTree = "<group>"; };
		F2B13942281C97F2008CC2A3 /* SubscriptionVC.swift */ = {isa = PBXFileReference; lastKnownFileType = sourcecode.swift; path = SubscriptionVC.swift; sourceTree = "<group>"; };
		F2B13945281C97F2008CC2A3 /* Base */ = {isa = PBXFileReference; lastKnownFileType = file.storyboard; name = Base; path = Base.lproj/Main.storyboard; sourceTree = "<group>"; };
		F2B13947281C97F4008CC2A3 /* Assets.xcassets */ = {isa = PBXFileReference; lastKnownFileType = folder.assetcatalog; path = Assets.xcassets; sourceTree = "<group>"; };
		F2B1394A281C97F4008CC2A3 /* Base */ = {isa = PBXFileReference; lastKnownFileType = file.storyboard; name = Base; path = Base.lproj/LaunchScreen.storyboard; sourceTree = "<group>"; };
		F2B1394C281C97F4008CC2A3 /* Info.plist */ = {isa = PBXFileReference; lastKnownFileType = text.plist.xml; path = Info.plist; sourceTree = "<group>"; };
		F2B13952281CA677008CC2A3 /* ListVC.swift */ = {isa = PBXFileReference; lastKnownFileType = sourcecode.swift; path = ListVC.swift; sourceTree = "<group>"; };
/* End PBXFileReference section */

/* Begin PBXFrameworksBuildPhase section */
		F2B13938281C97F2008CC2A3 /* Frameworks */ = {
			isa = PBXFrameworksBuildPhase;
			buildActionMask = 2147483647;
			files = (
			);
			runOnlyForDeploymentPostprocessing = 0;
		};
/* End PBXFrameworksBuildPhase section */

/* Begin PBXGroup section */
		F2633697282C44ED000F95E4 /* Delegates */ = {
			isa = PBXGroup;
			children = (
				F2B1393E281C97F2008CC2A3 /* AppDelegate.swift */,
				F2B13940281C97F2008CC2A3 /* SceneDelegate.swift */,
			);
			path = Delegates;
			sourceTree = "<group>";
		};
		F2633698282C450A000F95E4 /* Subscriptions */ = {
			isa = PBXGroup;
			children = (
				F263369A282C4637000F95E4 /* View Controllers */,
				F263369B282C4683000F95E4 /* Views */,
			);
			path = Subscriptions;
			sourceTree = "<group>";
		};
		F2633699282C4574000F95E4 /* PastOrders */ = {
			isa = PBXGroup;
			children = (
				F2B13952281CA677008CC2A3 /* ListVC.swift */,
			);
			path = PastOrders;
			sourceTree = "<group>";
		};
		F263369A282C4637000F95E4 /* View Controllers */ = {
			isa = PBXGroup;
			children = (
				F2B13942281C97F2008CC2A3 /* SubscriptionVC.swift */,
				F26336A5282C5ACF000F95E4 /* SubscriptionDetailVC.swift */,
			);
			path = "View Controllers";
			sourceTree = "<group>";
		};
		F263369B282C4683000F95E4 /* Views */ = {
			isa = PBXGroup;
			children = (
				F26336A1282C4799000F95E4 /* SubscriptionCell.swift */,
				F26336A2282C4799000F95E4 /* SubscriptionCell.xib */,
			);
			path = Views;
			sourceTree = "<group>";
		};
		F2B13932281C97F2008CC2A3 = {
			isa = PBXGroup;
			children = (
				F2B1393D281C97F2008CC2A3 /* subscribtion_box */,
				F2B1393C281C97F2008CC2A3 /* Products */,
			);
			sourceTree = "<group>";
		};
		F2B1393C281C97F2008CC2A3 /* Products */ = {
			isa = PBXGroup;
			children = (
				F2B1393B281C97F2008CC2A3 /* subscribtion_box.app */,
			);
			name = Products;
			sourceTree = "<group>";
		};
		F2B1393D281C97F2008CC2A3 /* subscribtion_box */ = {
			isa = PBXGroup;
			children = (
				F2633697282C44ED000F95E4 /* Delegates */,
				F2633698282C450A000F95E4 /* Subscriptions */,
				F2633699282C4574000F95E4 /* PastOrders */,
				F2B13944281C97F2008CC2A3 /* Main.storyboard */,
				F2B13947281C97F4008CC2A3 /* Assets.xcassets */,
				F2B13949281C97F4008CC2A3 /* LaunchScreen.storyboard */,
				F2B1394C281C97F4008CC2A3 /* Info.plist */,
			);
			path = subscribtion_box;
			sourceTree = "<group>";
		};
/* End PBXGroup section */

/* Begin PBXNativeTarget section */
		F2B1393A281C97F2008CC2A3 /* subscribtion_box */ = {
			isa = PBXNativeTarget;
			buildConfigurationList = F2B1394F281C97F4008CC2A3 /* Build configuration list for PBXNativeTarget "subscribtion_box" */;
			buildPhases = (
				F2B13937281C97F2008CC2A3 /* Sources */,
				F2B13938281C97F2008CC2A3 /* Frameworks */,
				F2B13939281C97F2008CC2A3 /* Resources */,
			);
			buildRules = (
			);
			dependencies = (
			);
			name = subscribtion_box;
			productName = subscribtion_box;
			productReference = F2B1393B281C97F2008CC2A3 /* subscribtion_box.app */;
			productType = "com.apple.product-type.application";
		};
/* End PBXNativeTarget section */

/* Begin PBXProject section */
		F2B13933281C97F2008CC2A3 /* Project object */ = {
			isa = PBXProject;
			attributes = {
				BuildIndependentTargetsInParallel = 1;
				LastSwiftUpdateCheck = 1320;
				LastUpgradeCheck = 1320;
				TargetAttributes = {
					F2B1393A281C97F2008CC2A3 = {
						CreatedOnToolsVersion = 13.2.1;
					};
				};
			};
			buildConfigurationList = F2B13936281C97F2008CC2A3 /* Build configuration list for PBXProject "subscribtion_box" */;
			compatibilityVersion = "Xcode 13.0";
			developmentRegion = en;
			hasScannedForEncodings = 0;
			knownRegions = (
				en,
				Base,
			);
			mainGroup = F2B13932281C97F2008CC2A3;
			productRefGroup = F2B1393C281C97F2008CC2A3 /* Products */;
			projectDirPath = "";
			projectRoot = "";
			targets = (
				F2B1393A281C97F2008CC2A3 /* subscribtion_box */,
			);
		};
/* End PBXProject section */

/* Begin PBXResourcesBuildPhase section */
		F2B13939281C97F2008CC2A3 /* Resources */ = {
			isa = PBXResourcesBuildPhase;
			buildActionMask = 2147483647;
			files = (
				F2B1394B281C97F4008CC2A3 /* LaunchScreen.storyboard in Resources */,
				F2B13948281C97F4008CC2A3 /* Assets.xcassets in Resources */,
				F2B13946281C97F2008CC2A3 /* Main.storyboard in Resources */,
				F26336A4282C4799000F95E4 /* SubscriptionCell.xib in Resources */,
			);
			runOnlyForDeploymentPostprocessing = 0;
		};
/* End PBXResourcesBuildPhase section */

/* Begin PBXSourcesBuildPhase section */
		F2B13937281C97F2008CC2A3 /* Sources */ = {
			isa = PBXSourcesBuildPhase;
			buildActionMask = 2147483647;
			files = (
				F2B13953281CA677008CC2A3 /* ListVC.swift in Sources */,
				F26336A6282C5ACF000F95E4 /* SubscriptionDetailVC.swift in Sources */,
				F26336A3282C4799000F95E4 /* SubscriptionCell.swift in Sources */,
				F2B13943281C97F2008CC2A3 /* SubscriptionVC.swift in Sources */,
				F2B1393F281C97F2008CC2A3 /* AppDelegate.swift in Sources */,
				F2B13941281C97F2008CC2A3 /* SceneDelegate.swift in Sources */,
			);
			runOnlyForDeploymentPostprocessing = 0;
		};
/* End PBXSourcesBuildPhase section */

/* Begin PBXVariantGroup section */
		F2B13944281C97F2008CC2A3 /* Main.storyboard */ = {
			isa = PBXVariantGroup;
			children = (
				F2B13945281C97F2008CC2A3 /* Base */,
			);
			name = Main.storyboard;
			sourceTree = "<group>";
		};
		F2B13949281C97F4008CC2A3 /* LaunchScreen.storyboard */ = {
			isa = PBXVariantGroup;
			children = (
				F2B1394A281C97F4008CC2A3 /* Base */,
			);
			name = LaunchScreen.storyboard;
			sourceTree = "<group>";
		};
/* End PBXVariantGroup section */

/* Begin XCBuildConfiguration section */
		F2B1394D281C97F4008CC2A3 /* Debug */ = {
			isa = XCBuildConfiguration;
			buildSettings = {
				ALWAYS_SEARCH_USER_PATHS = NO;
				CLANG_ANALYZER_NONNULL = YES;
				CLANG_ANALYZER_NUMBER_OBJECT_CONVERSION = YES_AGGRESSIVE;
				CLANG_CXX_LANGUAGE_STANDARD = "gnu++17";
				CLANG_CXX_LIBRARY = "libc++";
				CLANG_ENABLE_MODULES = YES;
				CLANG_ENABLE_OBJC_ARC = YES;
				CLANG_ENABLE_OBJC_WEAK = YES;
				CLANG_WARN_BLOCK_CAPTURE_AUTORELEASING = YES;
				CLANG_WARN_BOOL_CONVERSION = YES;
				CLANG_WARN_COMMA = YES;
				CLANG_WARN_CONSTANT_CONVERSION = YES;
				CLANG_WARN_DEPRECATED_OBJC_IMPLEMENTATIONS = YES;
				CLANG_WARN_DIRECT_OBJC_ISA_USAGE = YES_ERROR;
				CLANG_WARN_DOCUMENTATION_COMMENTS = YES;
				CLANG_WARN_EMPTY_BODY = YES;
				CLANG_WARN_ENUM_CONVERSION = YES;
				CLANG_WARN_INFINITE_RECURSION = YES;
				CLANG_WARN_INT_CONVERSION = YES;
				CLANG_WARN_NON_LITERAL_NULL_CONVERSION = YES;
				CLANG_WARN_OBJC_IMPLICIT_RETAIN_SELF = YES;
				CLANG_WARN_OBJC_LITERAL_CONVERSION = YES;
				CLANG_WARN_OBJC_ROOT_CLASS = YES_ERROR;
				CLANG_WARN_QUOTED_INCLUDE_IN_FRAMEWORK_HEADER = YES;
				CLANG_WARN_RANGE_LOOP_ANALYSIS = YES;
				CLANG_WARN_STRICT_PROTOTYPES = YES;
				CLANG_WARN_SUSPICIOUS_MOVE = YES;
				CLANG_WARN_UNGUARDED_AVAILABILITY = YES_AGGRESSIVE;
				CLANG_WARN_UNREACHABLE_CODE = YES;
				CLANG_WARN__DUPLICATE_METHOD_MATCH = YES;
				COPY_PHASE_STRIP = NO;
				DEBUG_INFORMATION_FORMAT = dwarf;
				ENABLE_STRICT_OBJC_MSGSEND = YES;
				ENABLE_TESTABILITY = YES;
				GCC_C_LANGUAGE_STANDARD = gnu11;
				GCC_DYNAMIC_NO_PIC = NO;
				GCC_NO_COMMON_BLOCKS = YES;
				GCC_OPTIMIZATION_LEVEL = 0;
				GCC_PREPROCESSOR_DEFINITIONS = (
					"DEBUG=1",
					"$(inherited)",
				);
				GCC_WARN_64_TO_32_BIT_CONVERSION = YES;
				GCC_WARN_ABOUT_RETURN_TYPE = YES_ERROR;
				GCC_WARN_UNDECLARED_SELECTOR = YES;
				GCC_WARN_UNINITIALIZED_AUTOS = YES_AGGRESSIVE;
				GCC_WARN_UNUSED_FUNCTION = YES;
				GCC_WARN_UNUSED_VARIABLE = YES;
				IPHONEOS_DEPLOYMENT_TARGET = 15.2;
				MTL_ENABLE_DEBUG_INFO = INCLUDE_SOURCE;
				MTL_FAST_MATH = YES;
				ONLY_ACTIVE_ARCH = YES;
				SDKROOT = iphoneos;
				SWIFT_ACTIVE_COMPILATION_CONDITIONS = DEBUG;
				SWIFT_OPTIMIZATION_LEVEL = "-Onone";
			};
			name = Debug;
		};
		F2B1394E281C97F4008CC2A3 /* Release */ = {
			isa = XCBuildConfiguration;
			buildSettings = {
				ALWAYS_SEARCH_USER_PATHS = NO;
				CLANG_ANALYZER_NONNULL = YES;
				CLANG_ANALYZER_NUMBER_OBJECT_CONVERSION = YES_AGGRESSIVE;
				CLANG_CXX_LANGUAGE_STANDARD = "gnu++17";
				CLANG_CXX_LIBRARY = "libc++";
				CLANG_ENABLE_MODULES = YES;
				CLANG_ENABLE_OBJC_ARC = YES;
				CLANG_ENABLE_OBJC_WEAK = YES;
				CLANG_WARN_BLOCK_CAPTURE_AUTORELEASING = YES;
				CLANG_WARN_BOOL_CONVERSION = YES;
				CLANG_WARN_COMMA = YES;
				CLANG_WARN_CONSTANT_CONVERSION = YES;
				CLANG_WARN_DEPRECATED_OBJC_IMPLEMENTATIONS = YES;
				CLANG_WARN_DIRECT_OBJC_ISA_USAGE = YES_ERROR;
				CLANG_WARN_DOCUMENTATION_COMMENTS = YES;
				CLANG_WARN_EMPTY_BODY = YES;
				CLANG_WARN_ENUM_CONVERSION = YES;
				CLANG_WARN_INFINITE_RECURSION = YES;
				CLANG_WARN_INT_CONVERSION = YES;
				CLANG_WARN_NON_LITERAL_NULL_CONVERSION = YES;
				CLANG_WARN_OBJC_IMPLICIT_RETAIN_SELF = YES;
				CLANG_WARN_OBJC_LITERAL_CONVERSION = YES;
				CLANG_WARN_OBJC_ROOT_CLASS = YES_ERROR;
				CLANG_WARN_QUOTED_INCLUDE_IN_FRAMEWORK_HEADER = YES;
				CLANG_WARN_RANGE_LOOP_ANALYSIS = YES;
				CLANG_WARN_STRICT_PROTOTYPES = YES;
				CLANG_WARN_SUSPICIOUS_MOVE = YES;
				CLANG_WARN_UNGUARDED_AVAILABILITY = YES_AGGRESSIVE;
				CLANG_WARN_UNREACHABLE_CODE = YES;
				CLANG_WARN__DUPLICATE_METHOD_MATCH = YES;
				COPY_PHASE_STRIP = NO;
				DEBUG_INFORMATION_FORMAT = "dwarf-with-dsym";
				ENABLE_NS_ASSERTIONS = NO;
				ENABLE_STRICT_OBJC_MSGSEND = YES;
				GCC_C_LANGUAGE_STANDARD = gnu11;
				GCC_NO_COMMON_BLOCKS = YES;
				GCC_WARN_64_TO_32_BIT_CONVERSION = YES;
				GCC_WARN_ABOUT_RETURN_TYPE = YES_ERROR;
				GCC_WARN_UNDECLARED_SELECTOR = YES;
				GCC_WARN_UNINITIALIZED_AUTOS = YES_AGGRESSIVE;
				GCC_WARN_UNUSED_FUNCTION = YES;
				GCC_WARN_UNUSED_VARIABLE = YES;
				IPHONEOS_DEPLOYMENT_TARGET = 15.2;
				MTL_ENABLE_DEBUG_INFO = NO;
				MTL_FAST_MATH = YES;
				SDKROOT = iphoneos;
				SWIFT_COMPILATION_MODE = wholemodule;
				SWIFT_OPTIMIZATION_LEVEL = "-O";
				VALIDATE_PRODUCT = YES;
			};
			name = Release;
		};
		F2B13950281C97F4008CC2A3 /* Debug */ = {
			isa = XCBuildConfiguration;
			buildSettings = {
				ASSETCATALOG_COMPILER_APPICON_NAME = AppIcon;
				ASSETCATALOG_COMPILER_GLOBAL_ACCENT_COLOR_NAME = AccentColor;
				CODE_SIGN_STYLE = Automatic;
				CURRENT_PROJECT_VERSION = 1;
				DEVELOPMENT_TEAM = D8NS86XP93;
				GENERATE_INFOPLIST_FILE = YES;
				INFOPLIST_FILE = subscribtion_box/Info.plist;
				INFOPLIST_KEY_UIApplicationSupportsIndirectInputEvents = YES;
				INFOPLIST_KEY_UILaunchStoryboardName = LaunchScreen;
				INFOPLIST_KEY_UIMainStoryboardFile = Main;
				INFOPLIST_KEY_UISupportedInterfaceOrientations_iPad = "UIInterfaceOrientationPortrait UIInterfaceOrientationPortraitUpsideDown UIInterfaceOrientationLandscapeLeft UIInterfaceOrientationLandscapeRight";
				INFOPLIST_KEY_UISupportedInterfaceOrientations_iPhone = "UIInterfaceOrientationPortrait UIInterfaceOrientationLandscapeLeft UIInterfaceOrientationLandscapeRight";
				LD_RUNPATH_SEARCH_PATHS = (
					"$(inherited)",
					"@executable_path/Frameworks",
				);
				MARKETING_VERSION = 1.0;
				PRODUCT_BUNDLE_IDENTIFIER = "com.john-marcos.subscribtion-box";
				PRODUCT_NAME = "$(TARGET_NAME)";
				SWIFT_EMIT_LOC_STRINGS = YES;
				SWIFT_VERSION = 5.0;
				TARGETED_DEVICE_FAMILY = "1,2";
			};
			name = Debug;
		};
		F2B13951281C97F4008CC2A3 /* Release */ = {
			isa = XCBuildConfiguration;
			buildSettings = {
				ASSETCATALOG_COMPILER_APPICON_NAME = AppIcon;
				ASSETCATALOG_COMPILER_GLOBAL_ACCENT_COLOR_NAME = AccentColor;
				CODE_SIGN_STYLE = Automatic;
				CURRENT_PROJECT_VERSION = 1;
				DEVELOPMENT_TEAM = D8NS86XP93;
				GENERATE_INFOPLIST_FILE = YES;
				INFOPLIST_FILE = subscribtion_box/Info.plist;
				INFOPLIST_KEY_UIApplicationSupportsIndirectInputEvents = YES;
				INFOPLIST_KEY_UILaunchStoryboardName = LaunchScreen;
				INFOPLIST_KEY_UIMainStoryboardFile = Main;
				INFOPLIST_KEY_UISupportedInterfaceOrientations_iPad = "UIInterfaceOrientationPortrait UIInterfaceOrientationPortraitUpsideDown UIInterfaceOrientationLandscapeLeft UIInterfaceOrientationLandscapeRight";
				INFOPLIST_KEY_UISupportedInterfaceOrientations_iPhone = "UIInterfaceOrientationPortrait UIInterfaceOrientationLandscapeLeft UIInterfaceOrientationLandscapeRight";
				LD_RUNPATH_SEARCH_PATHS = (
					"$(inherited)",
					"@executable_path/Frameworks",
				);
				MARKETING_VERSION = 1.0;
				PRODUCT_BUNDLE_IDENTIFIER = "com.john-marcos.subscribtion-box";
				PRODUCT_NAME = "$(TARGET_NAME)";
				SWIFT_EMIT_LOC_STRINGS = YES;
				SWIFT_VERSION = 5.0;
				TARGETED_DEVICE_FAMILY = "1,2";
			};
			name = Release;
		};
/* End XCBuildConfiguration section */

/* Begin XCConfigurationList section */
		F2B13936281C97F2008CC2A3 /* Build configuration list for PBXProject "subscribtion_box" */ = {
			isa = XCConfigurationList;
			buildConfigurations = (
				F2B1394D281C97F4008CC2A3 /* Debug */,
				F2B1394E281C97F4008CC2A3 /* Release */,
			);
			defaultConfigurationIsVisible = 0;
			defaultConfigurationName = Release;
		};
		F2B1394F281C97F4008CC2A3 /* Build configuration list for PBXNativeTarget "subscribtion_box" */ = {
			isa = XCConfigurationList;
			buildConfigurations = (
				F2B13950281C97F4008CC2A3 /* Debug */,
				F2B13951281C97F4008CC2A3 /* Release */,
			);
			defaultConfigurationIsVisible = 0;
			defaultConfigurationName = Release;
		};
/* End XCConfigurationList section */
	};
	rootObject = F2B13933281C97F2008CC2A3 /* Project object */;
}
